// !$*UTF8*$!
{
	archiveVersion = 1;
	classes = {
	};
	objectVersion = 46;
	objects = {

/* Begin PBXBuildFile section */
		59CF7C721F2A308B00309950 /* AppDelegate.swift in Sources */ = {isa = PBXBuildFile; fileRef = 59CF7C711F2A308B00309950 /* AppDelegate.swift */; };
		59CF7C771F2A308B00309950 /* Main.storyboard in Resources */ = {isa = PBXBuildFile; fileRef = 59CF7C751F2A308B00309950 /* Main.storyboard */; };
		59CF7C791F2A308B00309950 /* Assets.xcassets in Resources */ = {isa = PBXBuildFile; fileRef = 59CF7C781F2A308B00309950 /* Assets.xcassets */; };
		59CF7C7C1F2A308B00309950 /* LaunchScreen.storyboard in Resources */ = {isa = PBXBuildFile; fileRef = 59CF7C7A1F2A308B00309950 /* LaunchScreen.storyboard */; };
		59CF7C841F2A317400309950 /* PublicTimelineController.swift in Sources */ = {isa = PBXBuildFile; fileRef = 59CF7C831F2A317400309950 /* PublicTimelineController.swift */; };
/* End PBXBuildFile section */

/* Begin PBXFileReference section */
		59CF7C6E1F2A308B00309950 /* KADAN.app */ = {isa = PBXFileReference; explicitFileType = wrapper.application; includeInIndex = 0; path = KADAN.app; sourceTree = BUILT_PRODUCTS_DIR; };
		59CF7C711F2A308B00309950 /* AppDelegate.swift */ = {isa = PBXFileReference; lastKnownFileType = sourcecode.swift; path = AppDelegate.swift; sourceTree = "<group>"; };
		59CF7C761F2A308B00309950 /* Base */ = {isa = PBXFileReference; lastKnownFileType = file.storyboard; name = Base; path = Base.lproj/Main.storyboard; sourceTree = "<group>"; };
		59CF7C781F2A308B00309950 /* Assets.xcassets */ = {isa = PBXFileReference; lastKnownFileType = folder.assetcatalog; path = Assets.xcassets; sourceTree = "<group>"; };
		59CF7C7B1F2A308B00309950 /* Base */ = {isa = PBXFileReference; lastKnownFileType = file.storyboard; name = Base; path = Base.lproj/LaunchScreen.storyboard; sourceTree = "<group>"; };
		59CF7C7D1F2A308B00309950 /* Info.plist */ = {isa = PBXFileReference; lastKnownFileType = text.plist.xml; path = Info.plist; sourceTree = "<group>"; };
		59CF7C831F2A317400309950 /* PublicTimelineController.swift */ = {isa = PBXFileReference; fileEncoding = 4; lastKnownFileType = sourcecode.swift; path = PublicTimelineController.swift; sourceTree = "<group>"; };
/* End PBXFileReference section */

/* Begin PBXFrameworksBuildPhase section */
		59CF7C6B1F2A308B00309950 /* Frameworks */ = {
			isa = PBXFrameworksBuildPhase;
			buildActionMask = 2147483647;
			files = (
			);
			runOnlyForDeploymentPostprocessing = 0;
		};
/* End PBXFrameworksBuildPhase section */

/* Begin PBXGroup section */
		59CF7C651F2A308B00309950 = {
			isa = PBXGroup;
			children = (
				59CF7C701F2A308B00309950 /* KADAN */,
				59CF7C6F1F2A308B00309950 /* Products */,
			);
			sourceTree = "<group>";
		};
		59CF7C6F1F2A308B00309950 /* Products */ = {
			isa = PBXGroup;
			children = (
				59CF7C6E1F2A308B00309950 /* KADAN.app */,
			);
			name = Products;
			sourceTree = "<group>";
		};
		59CF7C701F2A308B00309950 /* KADAN */ = {
			isa = PBXGroup;
			children = (
				59CF7C711F2A308B00309950 /* AppDelegate.swift */,
				59CF7C751F2A308B00309950 /* Main.storyboard */,
				59CF7C831F2A317400309950 /* PublicTimelineController.swift */,
				59CF7C781F2A308B00309950 /* Assets.xcassets */,
				59CF7C7A1F2A308B00309950 /* LaunchScreen.storyboard */,
				59CF7C7D1F2A308B00309950 /* Info.plist */,
			);
			path = KADAN;
			sourceTree = "<group>";
		};
/* End PBXGroup section */

/* Begin PBXNativeTarget section */
		59CF7C6D1F2A308B00309950 /* KADAN */ = {
			isa = PBXNativeTarget;
			buildConfigurationList = 59CF7C801F2A308B00309950 /* Build configuration list for PBXNativeTarget "KADAN" */;
			buildPhases = (
				59CF7C6A1F2A308B00309950 /* Sources */,
				59CF7C6B1F2A308B00309950 /* Frameworks */,
				59CF7C6C1F2A308B00309950 /* Resources */,
			);
			buildRules = (
			);
			dependencies = (
			);
			name = KADAN;
			productName = KADAN;
			productReference = 59CF7C6E1F2A308B00309950 /* KADAN.app */;
			productType = "com.apple.product-type.application";
		};
/* End PBXNativeTarget section */

/* Begin PBXProject section */
		59CF7C661F2A308B00309950 /* Project object */ = {
			isa = PBXProject;
			attributes = {
				LastSwiftUpdateCheck = 0830;
				LastUpgradeCheck = 0830;
				ORGANIZATIONNAME = GauLabo;
				TargetAttributes = {
					59CF7C6D1F2A308B00309950 = {
						CreatedOnToolsVersion = 8.3.3;
						ProvisioningStyle = Automatic;
					};
				};
			};
			buildConfigurationList = 59CF7C691F2A308B00309950 /* Build configuration list for PBXProject "KADAN" */;
			compatibilityVersion = "Xcode 3.2";
			developmentRegion = English;
			hasScannedForEncodings = 0;
			knownRegions = (
				en,
				Base,
			);
			mainGroup = 59CF7C651F2A308B00309950;
			productRefGroup = 59CF7C6F1F2A308B00309950 /* Products */;
			projectDirPath = "";
			projectRoot = "";
			targets = (
				59CF7C6D1F2A308B00309950 /* KADAN */,
			);
		};
/* End PBXProject section */

/* Begin PBXResourcesBuildPhase section */
		59CF7C6C1F2A308B00309950 /* Resources */ = {
			isa = PBXResourcesBuildPhase;
			buildActionMask = 2147483647;
			files = (
				59CF7C7C1F2A308B00309950 /* LaunchScreen.storyboard in Resources */,
				59CF7C791F2A308B00309950 /* Assets.xcassets in Resources */,
				59CF7C771F2A308B00309950 /* Main.storyboard in Resources */,
			);
			runOnlyForDeploymentPostprocessing = 0;
		};
/* End PBXResourcesBuildPhase section */

/* Begin PBXSourcesBuildPhase section */
		59CF7C6A1F2A308B00309950 /* Sources */ = {
			isa = PBXSourcesBuildPhase;
			buildActionMask = 2147483647;
			files = (
				59CF7C721F2A308B00309950 /* AppDelegate.swift in Sources */,
				59CF7C841F2A317400309950 /* PublicTimelineController.swift in Sources */,
			);
			runOnlyForDeploymentPostprocessing = 0;
		};
/* End PBXSourcesBuildPhase section */

/* Begin PBXVariantGroup section */
		59CF7C751F2A308B00309950 /* Main.storyboard */ = {
			isa = PBXVariantGroup;
			children = (
				59CF7C761F2A308B00309950 /* Base */,
			);
			name = Main.storyboard;
			sourceTree = "<group>";
		};
		59CF7C7A1F2A308B00309950 /* LaunchScreen.storyboard */ = {
			isa = PBXVariantGroup;
			children = (
				59CF7C7B1F2A308B00309950 /* Base */,
			);
			name = LaunchScreen.storyboard;
			sourceTree = "<group>";
		};
/* End PBXVariantGroup section */

/* Begin XCBuildConfiguration section */
		59CF7C7E1F2A308B00309950 /* Debug */ = {
			isa = XCBuildConfiguration;
			buildSettings = {
				ALWAYS_SEARCH_USER_PATHS = NO;
				CLANG_ANALYZER_NONNULL = YES;
				CLANG_ANALYZER_NUMBER_OBJECT_CONVERSION = YES_AGGRESSIVE;
				CLANG_CXX_LANGUAGE_STANDARD = "gnu++0x";
				CLANG_CXX_LIBRARY = "libc++";
				CLANG_ENABLE_MODULES = YES;
				CLANG_ENABLE_OBJC_ARC = YES;
				CLANG_WARN_BOOL_CONVERSION = YES;
				CLANG_WARN_CONSTANT_CONVERSION = YES;
				CLANG_WARN_DIRECT_OBJC_ISA_USAGE = YES_ERROR;
				CLANG_WARN_DOCUMENTATION_COMMENTS = YES;
				CLANG_WARN_EMPTY_BODY = YES;
				CLANG_WARN_ENUM_CONVERSION = YES;
				CLANG_WARN_INFINITE_RECURSION = YES;
				CLANG_WARN_INT_CONVERSION = YES;
				CLANG_WARN_OBJC_ROOT_CLASS = YES_ERROR;
				CLANG_WARN_SUSPICIOUS_MOVE = YES;
				CLANG_WARN_UNREACHABLE_CODE = YES;
				CLANG_WARN__DUPLICATE_METHOD_MATCH = YES;
				"CODE_SIGN_IDENTITY[sdk=iphoneos*]" = "iPhone Developer";
				COPY_PHASE_STRIP = NO;
				DEBUG_INFORMATION_FORMAT = dwarf;
				ENABLE_STRICT_OBJC_MSGSEND = YES;
				ENABLE_TESTABILITY = YES;
				GCC_C_LANGUAGE_STANDARD = gnu99;
				GCC_DYNAMIC_NO_PIC = NO;
				GCC_NO_COMMON_BLOCKS = YES;
				GCC_OPTIMIZATION_LEVEL = 0;
				GCC_PREPROCESSOR_DEFINITIONS = (
					"DEBUG=1",
					"$(inherited)",
				);
				GCC_WARN_64_TO_32_BIT_CONVERSION = YES;
				GCC_WARN_ABOUT_RETURN_TYPE = YES_ERROR;
				GCC_WARN_UNDECLARED_SELECTOR = YES;
				GCC_WARN_UNINITIALIZED_AUTOS = YES_AGGRESSIVE;
				GCC_WARN_UNUSED_FUNCTION = YES;
				GCC_WARN_UNUSED_VARIABLE = YES;
				IPHONEOS_DEPLOYMENT_TARGET = 10.3;
				MTL_ENABLE_DEBUG_INFO = YES;
				ONLY_ACTIVE_ARCH = YES;
				SDKROOT = iphoneos;
				SWIFT_ACTIVE_COMPILATION_CONDITIONS = DEBUG;
				SWIFT_OPTIMIZATION_LEVEL = "-Onone";
			};
			name = Debug;
		};
		59CF7C7F1F2A308B00309950 /* Release */ = {
			isa = XCBuildConfiguration;
			buildSettings = {
				ALWAYS_SEARCH_USER_PATHS = NO;
				CLANG_ANALYZER_NONNULL = YES;
				CLANG_ANALYZER_NUMBER_OBJECT_CONVERSION = YES_AGGRESSIVE;
				CLANG_CXX_LANGUAGE_STANDARD = "gnu++0x";
				CLANG_CXX_LIBRARY = "libc++";
				CLANG_ENABLE_MODULES = YES;
				CLANG_ENABLE_OBJC_ARC = YES;
				CLANG_WARN_BOOL_CONVERSION = YES;
				CLANG_WARN_CONSTANT_CONVERSION = YES;
				CLANG_WARN_DIRECT_OBJC_ISA_USAGE = YES_ERROR;
				CLANG_WARN_DOCUMENTATION_COMMENTS = YES;
				CLANG_WARN_EMPTY_BODY = YES;
				CLANG_WARN_ENUM_CONVERSION = YES;
				CLANG_WARN_INFINITE_RECURSION = YES;
				CLANG_WARN_INT_CONVERSION = YES;
				CLANG_WARN_OBJC_ROOT_CLASS = YES_ERROR;
				CLANG_WARN_SUSPICIOUS_MOVE = YES;
				CLANG_WARN_UNREACHABLE_CODE = YES;
				CLANG_WARN__DUPLICATE_METHOD_MATCH = YES;
				"CODE_SIGN_IDENTITY[sdk=iphoneos*]" = "iPhone Developer";
				COPY_PHASE_STRIP = NO;
				DEBUG_INFORMATION_FORMAT = "dwarf-with-dsym";
				ENABLE_NS_ASSERTIONS = NO;
				ENABLE_STRICT_OBJC_MSGSEND = YES;
				GCC_C_LANGUAGE_STANDARD = gnu99;
				GCC_NO_COMMON_BLOCKS = YES;
				GCC_WARN_64_TO_32_BIT_CONVERSION = YES;
				GCC_WARN_ABOUT_RETURN_TYPE = YES_ERROR;
				GCC_WARN_UNDECLARED_SELECTOR = YES;
				GCC_WARN_UNINITIALIZED_AUTOS = YES_AGGRESSIVE;
				GCC_WARN_UNUSED_FUNCTION = YES;
				GCC_WARN_UNUSED_VARIABLE = YES;
				IPHONEOS_DEPLOYMENT_TARGET = 10.3;
				MTL_ENABLE_DEBUG_INFO = NO;
				SDKROOT = iphoneos;
				SWIFT_OPTIMIZATION_LEVEL = "-Owholemodule";
				VALIDATE_PRODUCT = YES;
			};
			name = Release;
		};
		59CF7C811F2A308B00309950 /* Debug */ = {
			isa = XCBuildConfiguration;
			buildSettings = {
				ASSETCATALOG_COMPILER_APPICON_NAME = AppIcon;
				INFOPLIST_FILE = KADAN/Info.plist;
				LD_RUNPATH_SEARCH_PATHS = "$(inherited) @executable_path/Frameworks";
				PRODUCT_BUNDLE_IDENTIFIER = jp.gaulabo.KADAN;
				PRODUCT_NAME = "$(TARGET_NAME)";
				SWIFT_VERSION = 3.0;
			};
			name = Debug;
		};
		59CF7C821F2A308B00309950 /* Release */ = {
			isa = XCBuildConfiguration;
			buildSettings = {
				ASSETCATALOG_COMPILER_APPICON_NAME = AppIcon;
				INFOPLIST_FILE = KADAN/Info.plist;
				LD_RUNPATH_SEARCH_PATHS = "$(inherited) @executable_path/Frameworks";
				PRODUCT_BUNDLE_IDENTIFIER = jp.gaulabo.KADAN;
				PRODUCT_NAME = "$(TARGET_NAME)";
				SWIFT_VERSION = 3.0;
			};
			name = Release;
		};
/* End XCBuildConfiguration section */

/* Begin XCConfigurationList section */
		59CF7C691F2A308B00309950 /* Build configuration list for PBXProject "KADAN" */ = {
			isa = XCConfigurationList;
			buildConfigurations = (
				59CF7C7E1F2A308B00309950 /* Debug */,
				59CF7C7F1F2A308B00309950 /* Release */,
			);
			defaultConfigurationIsVisible = 0;
			defaultConfigurationName = Release;
		};
		59CF7C801F2A308B00309950 /* Build configuration list for PBXNativeTarget "KADAN" */ = {
			isa = XCConfigurationList;
			buildConfigurations = (
				59CF7C811F2A308B00309950 /* Debug */,
				59CF7C821F2A308B00309950 /* Release */,
			);
			defaultConfigurationIsVisible = 0;
		};
/* End XCConfigurationList section */
	};
	rootObject = 59CF7C661F2A308B00309950 /* Project object */;
}
